// !$*UTF8*$!
{
	archiveVersion = 1;
	classes = {
	};
	objectVersion = 56;
	objects = {

/* Begin PBXBuildFile section */
		575A0D562C49247B009629FB /* AppDelegate.swift in Sources */ = {isa = PBXBuildFile; fileRef = 575A0D552C49247B009629FB /* AppDelegate.swift */; };
		575A0D582C49247B009629FB /* SceneDelegate.swift in Sources */ = {isa = PBXBuildFile; fileRef = 575A0D572C49247B009629FB /* SceneDelegate.swift */; };
		575A0D5A2C49247B009629FB /* ViewController.swift in Sources */ = {isa = PBXBuildFile; fileRef = 575A0D592C49247B009629FB /* ViewController.swift */; };
		575A0D5D2C49247B009629FB /* Base in Resources */ = {isa = PBXBuildFile; fileRef = 575A0D5C2C49247B009629FB /* Base */; };
		575A0D5F2C49247C009629FB /* Assets.xcassets in Resources */ = {isa = PBXBuildFile; fileRef = 575A0D5E2C49247C009629FB /* Assets.xcassets */; };
		575A0D622C49247C009629FB /* Base in Resources */ = {isa = PBXBuildFile; fileRef = 575A0D612C49247C009629FB /* Base */; };
		57636F912C4BB3480064473C /* settingsViewController.swift in Sources */ = {isa = PBXBuildFile; fileRef = 57636F902C4BB3480064473C /* settingsViewController.swift */; };
		57636F952C4BDD730064473C /* DiceGame.swift in Sources */ = {isa = PBXBuildFile; fileRef = 57636F942C4BDD730064473C /* DiceGame.swift */; };
		57636F972C4BE87F0064473C /* gameViewController.swift in Sources */ = {isa = PBXBuildFile; fileRef = 57636F962C4BE87F0064473C /* gameViewController.swift */; };
		57636F992C4D40E30064473C /* DiceGameManager.swift in Sources */ = {isa = PBXBuildFile; fileRef = 57636F982C4D40E30064473C /* DiceGameManager.swift */; };
		57EAEEE72C504C0F00B3BA39 /* ScoreViewController.swift in Sources */ = {isa = PBXBuildFile; fileRef = 57EAEEE62C504C0F00B3BA39 /* ScoreViewController.swift */; };
/* End PBXBuildFile section */

/* Begin PBXFileReference section */
		575A0D522C49247B009629FB /* GameHUB.app */ = {isa = PBXFileReference; explicitFileType = wrapper.application; includeInIndex = 0; path = GameHUB.app; sourceTree = BUILT_PRODUCTS_DIR; };
		575A0D552C49247B009629FB /* AppDelegate.swift */ = {isa = PBXFileReference; lastKnownFileType = sourcecode.swift; path = AppDelegate.swift; sourceTree = "<group>"; };
		575A0D572C49247B009629FB /* SceneDelegate.swift */ = {isa = PBXFileReference; lastKnownFileType = sourcecode.swift; path = SceneDelegate.swift; sourceTree = "<group>"; };
		575A0D592C49247B009629FB /* ViewController.swift */ = {isa = PBXFileReference; lastKnownFileType = sourcecode.swift; path = ViewController.swift; sourceTree = "<group>"; };
		575A0D5C2C49247B009629FB /* Base */ = {isa = PBXFileReference; lastKnownFileType = file.storyboard; name = Base; path = Base.lproj/Main.storyboard; sourceTree = "<group>"; };
		575A0D5E2C49247C009629FB /* Assets.xcassets */ = {isa = PBXFileReference; lastKnownFileType = folder.assetcatalog; path = Assets.xcassets; sourceTree = "<group>"; };
		575A0D612C49247C009629FB /* Base */ = {isa = PBXFileReference; lastKnownFileType = file.storyboard; name = Base; path = Base.lproj/LaunchScreen.storyboard; sourceTree = "<group>"; };
		575A0D632C49247C009629FB /* Info.plist */ = {isa = PBXFileReference; lastKnownFileType = text.plist.xml; path = Info.plist; sourceTree = "<group>"; };
		57636F902C4BB3480064473C /* settingsViewController.swift */ = {isa = PBXFileReference; lastKnownFileType = sourcecode.swift; path = settingsViewController.swift; sourceTree = "<group>"; };
		57636F942C4BDD730064473C /* DiceGame.swift */ = {isa = PBXFileReference; lastKnownFileType = sourcecode.swift; path = DiceGame.swift; sourceTree = "<group>"; };
		57636F962C4BE87F0064473C /* gameViewController.swift */ = {isa = PBXFileReference; lastKnownFileType = sourcecode.swift; path = gameViewController.swift; sourceTree = "<group>"; };
		57636F982C4D40E30064473C /* DiceGameManager.swift */ = {isa = PBXFileReference; lastKnownFileType = sourcecode.swift; path = DiceGameManager.swift; sourceTree = "<group>"; };
		57EAEEE62C504C0F00B3BA39 /* ScoreViewController.swift */ = {isa = PBXFileReference; lastKnownFileType = sourcecode.swift; path = ScoreViewController.swift; sourceTree = "<group>"; };
/* End PBXFileReference section */

/* Begin PBXFrameworksBuildPhase section */
		575A0D4F2C49247B009629FB /* Frameworks */ = {
			isa = PBXFrameworksBuildPhase;
			buildActionMask = 2147483647;
			files = (
			);
			runOnlyForDeploymentPostprocessing = 0;
		};
/* End PBXFrameworksBuildPhase section */

/* Begin PBXGroup section */
		575A0D492C49247B009629FB = {
			isa = PBXGroup;
			children = (
				575A0D542C49247B009629FB /* GameHUB */,
				575A0D532C49247B009629FB /* Products */,
			);
			sourceTree = "<group>";
		};
		575A0D532C49247B009629FB /* Products */ = {
			isa = PBXGroup;
			children = (
				575A0D522C49247B009629FB /* GameHUB.app */,
			);
			name = Products;
			sourceTree = "<group>";
		};
		575A0D542C49247B009629FB /* GameHUB */ = {
			isa = PBXGroup;
			children = (
				575A0D552C49247B009629FB /* AppDelegate.swift */,
				575A0D572C49247B009629FB /* SceneDelegate.swift */,
				575A0D592C49247B009629FB /* ViewController.swift */,
				57636F902C4BB3480064473C /* settingsViewController.swift */,
				57636F982C4D40E30064473C /* DiceGameManager.swift */,
				57636F962C4BE87F0064473C /* gameViewController.swift */,
				57EAEEE62C504C0F00B3BA39 /* ScoreViewController.swift */,
				57636F942C4BDD730064473C /* DiceGame.swift */,
				575A0D5B2C49247B009629FB /* Main.storyboard */,
				575A0D5E2C49247C009629FB /* Assets.xcassets */,
				575A0D602C49247C009629FB /* LaunchScreen.storyboard */,
				575A0D632C49247C009629FB /* Info.plist */,
			);
			path = GameHUB;
			sourceTree = "<group>";
		};
/* End PBXGroup section */

/* Begin PBXNativeTarget section */
		575A0D512C49247B009629FB /* GameHUB */ = {
			isa = PBXNativeTarget;
			buildConfigurationList = 575A0D662C49247C009629FB /* Build configuration list for PBXNativeTarget "GameHUB" */;
			buildPhases = (
				575A0D4E2C49247B009629FB /* Sources */,
				575A0D4F2C49247B009629FB /* Frameworks */,
				575A0D502C49247B009629FB /* Resources */,
			);
			buildRules = (
			);
			dependencies = (
			);
			name = GameHUB;
			productName = GameHUB;
			productReference = 575A0D522C49247B009629FB /* GameHUB.app */;
			productType = "com.apple.product-type.application";
		};
/* End PBXNativeTarget section */

/* Begin PBXProject section */
		575A0D4A2C49247B009629FB /* Project object */ = {
			isa = PBXProject;
			attributes = {
				BuildIndependentTargetsInParallel = 1;
				LastSwiftUpdateCheck = 1540;
				LastUpgradeCheck = 1540;
				TargetAttributes = {
					575A0D512C49247B009629FB = {
						CreatedOnToolsVersion = 15.4;
					};
				};
			};
			buildConfigurationList = 575A0D4D2C49247B009629FB /* Build configuration list for PBXProject "GameHUB" */;
			compatibilityVersion = "Xcode 14.0";
			developmentRegion = en;
			hasScannedForEncodings = 0;
			knownRegions = (
				en,
				Base,
			);
			mainGroup = 575A0D492C49247B009629FB;
			productRefGroup = 575A0D532C49247B009629FB /* Products */;
			projectDirPath = "";
			projectRoot = "";
			targets = (
				575A0D512C49247B009629FB /* GameHUB */,
			);
		};
/* End PBXProject section */

/* Begin PBXResourcesBuildPhase section */
		575A0D502C49247B009629FB /* Resources */ = {
			isa = PBXResourcesBuildPhase;
			buildActionMask = 2147483647;
			files = (
				575A0D5F2C49247C009629FB /* Assets.xcassets in Resources */,
				575A0D622C49247C009629FB /* Base in Resources */,
				575A0D5D2C49247B009629FB /* Base in Resources */,
			);
			runOnlyForDeploymentPostprocessing = 0;
		};
/* End PBXResourcesBuildPhase section */

/* Begin PBXSourcesBuildPhase section */
		575A0D4E2C49247B009629FB /* Sources */ = {
			isa = PBXSourcesBuildPhase;
			buildActionMask = 2147483647;
			files = (
				57636F972C4BE87F0064473C /* gameViewController.swift in Sources */,
				575A0D5A2C49247B009629FB /* ViewController.swift in Sources */,
				57636F992C4D40E30064473C /* DiceGameManager.swift in Sources */,
				575A0D562C49247B009629FB /* AppDelegate.swift in Sources */,
				57636F952C4BDD730064473C /* DiceGame.swift in Sources */,
				575A0D582C49247B009629FB /* SceneDelegate.swift in Sources */,
				57636F912C4BB3480064473C /* settingsViewController.swift in Sources */,
				57EAEEE72C504C0F00B3BA39 /* ScoreViewController.swift in Sources */,
			);
			runOnlyForDeploymentPostprocessing = 0;
		};
/* End PBXSourcesBuildPhase section */

/* Begin PBXVariantGroup section */
		575A0D5B2C49247B009629FB /* Main.storyboard */ = {
			isa = PBXVariantGroup;
			children = (
				575A0D5C2C49247B009629FB /* Base */,
			);
			name = Main.storyboard;
			sourceTree = "<group>";
		};
		575A0D602C49247C009629FB /* LaunchScreen.storyboard */ = {
			isa = PBXVariantGroup;
			children = (
				575A0D612C49247C009629FB /* Base */,
			);
			name = LaunchScreen.storyboard;
			sourceTree = "<group>";
		};
/* End PBXVariantGroup section */

/* Begin XCBuildConfiguration section */
		575A0D642C49247C009629FB /* Debug */ = {
			isa = XCBuildConfiguration;
			buildSettings = {
				ALWAYS_SEARCH_USER_PATHS = NO;
				ASSETCATALOG_COMPILER_GENERATE_SWIFT_ASSET_SYMBOL_EXTENSIONS = YES;
				CLANG_ANALYZER_NONNULL = YES;
				CLANG_ANALYZER_NUMBER_OBJECT_CONVERSION = YES_AGGRESSIVE;
				CLANG_CXX_LANGUAGE_STANDARD = "gnu++20";
				CLANG_ENABLE_MODULES = YES;
				CLANG_ENABLE_OBJC_ARC = YES;
				CLANG_ENABLE_OBJC_WEAK = YES;
				CLANG_WARN_BLOCK_CAPTURE_AUTORELEASING = YES;
				CLANG_WARN_BOOL_CONVERSION = YES;
				CLANG_WARN_COMMA = YES;
				CLANG_WARN_CONSTANT_CONVERSION = YES;
				CLANG_WARN_DEPRECATED_OBJC_IMPLEMENTATIONS = YES;
				CLANG_WARN_DIRECT_OBJC_ISA_USAGE = YES_ERROR;
				CLANG_WARN_DOCUMENTATION_COMMENTS = YES;
				CLANG_WARN_EMPTY_BODY = YES;
				CLANG_WARN_ENUM_CONVERSION = YES;
				CLANG_WARN_INFINITE_RECURSION = YES;
				CLANG_WARN_INT_CONVERSION = YES;
				CLANG_WARN_NON_LITERAL_NULL_CONVERSION = YES;
				CLANG_WARN_OBJC_IMPLICIT_RETAIN_SELF = YES;
				CLANG_WARN_OBJC_LITERAL_CONVERSION = YES;
				CLANG_WARN_OBJC_ROOT_CLASS = YES_ERROR;
				CLANG_WARN_QUOTED_INCLUDE_IN_FRAMEWORK_HEADER = YES;
				CLANG_WARN_RANGE_LOOP_ANALYSIS = YES;
				CLANG_WARN_STRICT_PROTOTYPES = YES;
				CLANG_WARN_SUSPICIOUS_MOVE = YES;
				CLANG_WARN_UNGUARDED_AVAILABILITY = YES_AGGRESSIVE;
				CLANG_WARN_UNREACHABLE_CODE = YES;
				CLANG_WARN__DUPLICATE_METHOD_MATCH = YES;
				COPY_PHASE_STRIP = NO;
				DEBUG_INFORMATION_FORMAT = dwarf;
				ENABLE_STRICT_OBJC_MSGSEND = YES;
				ENABLE_TESTABILITY = YES;
				ENABLE_USER_SCRIPT_SANDBOXING = YES;
				GCC_C_LANGUAGE_STANDARD = gnu17;
				GCC_DYNAMIC_NO_PIC = NO;
				GCC_NO_COMMON_BLOCKS = YES;
				GCC_OPTIMIZATION_LEVEL = 0;
				GCC_PREPROCESSOR_DEFINITIONS = (
					"DEBUG=1",
					"$(inherited)",
				);
				GCC_WARN_64_TO_32_BIT_CONVERSION = YES;
				GCC_WARN_ABOUT_RETURN_TYPE = YES_ERROR;
				GCC_WARN_UNDECLARED_SELECTOR = YES;
				GCC_WARN_UNINITIALIZED_AUTOS = YES_AGGRESSIVE;
				GCC_WARN_UNUSED_FUNCTION = YES;
				GCC_WARN_UNUSED_VARIABLE = YES;
				IPHONEOS_DEPLOYMENT_TARGET = 17.5;
				LOCALIZATION_PREFERS_STRING_CATALOGS = YES;
				MTL_ENABLE_DEBUG_INFO = INCLUDE_SOURCE;
				MTL_FAST_MATH = YES;
				ONLY_ACTIVE_ARCH = YES;
				SDKROOT = iphoneos;
				SWIFT_ACTIVE_COMPILATION_CONDITIONS = "DEBUG $(inherited)";
				SWIFT_OPTIMIZATION_LEVEL = "-Onone";
			};
			name = Debug;
		};
		575A0D652C49247C009629FB /* Release */ = {
			isa = XCBuildConfiguration;
			buildSettings = {
				ALWAYS_SEARCH_USER_PATHS = NO;
				ASSETCATALOG_COMPILER_GENERATE_SWIFT_ASSET_SYMBOL_EXTENSIONS = YES;
				CLANG_ANALYZER_NONNULL = YES;
				CLANG_ANALYZER_NUMBER_OBJECT_CONVERSION = YES_AGGRESSIVE;
				CLANG_CXX_LANGUAGE_STANDARD = "gnu++20";
				CLANG_ENABLE_MODULES = YES;
				CLANG_ENABLE_OBJC_ARC = YES;
				CLANG_ENABLE_OBJC_WEAK = YES;
				CLANG_WARN_BLOCK_CAPTURE_AUTORELEASING = YES;
				CLANG_WARN_BOOL_CONVERSION = YES;
				CLANG_WARN_COMMA = YES;
				CLANG_WARN_CONSTANT_CONVERSION = YES;
				CLANG_WARN_DEPRECATED_OBJC_IMPLEMENTATIONS = YES;
				CLANG_WARN_DIRECT_OBJC_ISA_USAGE = YES_ERROR;
				CLANG_WARN_DOCUMENTATION_COMMENTS = YES;
				CLANG_WARN_EMPTY_BODY = YES;
				CLANG_WARN_ENUM_CONVERSION = YES;
				CLANG_WARN_INFINITE_RECURSION = YES;
				CLANG_WARN_INT_CONVERSION = YES;
				CLANG_WARN_NON_LITERAL_NULL_CONVERSION = YES;
				CLANG_WARN_OBJC_IMPLICIT_RETAIN_SELF = YES;
				CLANG_WARN_OBJC_LITERAL_CONVERSION = YES;
				CLANG_WARN_OBJC_ROOT_CLASS = YES_ERROR;
				CLANG_WARN_QUOTED_INCLUDE_IN_FRAMEWORK_HEADER = YES;
				CLANG_WARN_RANGE_LOOP_ANALYSIS = YES;
				CLANG_WARN_STRICT_PROTOTYPES = YES;
				CLANG_WARN_SUSPICIOUS_MOVE = YES;
				CLANG_WARN_UNGUARDED_AVAILABILITY = YES_AGGRESSIVE;
				CLANG_WARN_UNREACHABLE_CODE = YES;
				CLANG_WARN__DUPLICATE_METHOD_MATCH = YES;
				COPY_PHASE_STRIP = NO;
				DEBUG_INFORMATION_FORMAT = "dwarf-with-dsym";
				ENABLE_NS_ASSERTIONS = NO;
				ENABLE_STRICT_OBJC_MSGSEND = YES;
				ENABLE_USER_SCRIPT_SANDBOXING = YES;
				GCC_C_LANGUAGE_STANDARD = gnu17;
				GCC_NO_COMMON_BLOCKS = YES;
				GCC_WARN_64_TO_32_BIT_CONVERSION = YES;
				GCC_WARN_ABOUT_RETURN_TYPE = YES_ERROR;
				GCC_WARN_UNDECLARED_SELECTOR = YES;
				GCC_WARN_UNINITIALIZED_AUTOS = YES_AGGRESSIVE;
				GCC_WARN_UNUSED_FUNCTION = YES;
				GCC_WARN_UNUSED_VARIABLE = YES;
				IPHONEOS_DEPLOYMENT_TARGET = 17.5;
				LOCALIZATION_PREFERS_STRING_CATALOGS = YES;
				MTL_ENABLE_DEBUG_INFO = NO;
				MTL_FAST_MATH = YES;
				SDKROOT = iphoneos;
				SWIFT_COMPILATION_MODE = wholemodule;
				VALIDATE_PRODUCT = YES;
			};
			name = Release;
		};
		575A0D672C49247C009629FB /* Debug */ = {
			isa = XCBuildConfiguration;
			buildSettings = {
				ASSETCATALOG_COMPILER_APPICON_NAME = AppIcon;
				ASSETCATALOG_COMPILER_GLOBAL_ACCENT_COLOR_NAME = AccentColor;
				CODE_SIGN_STYLE = Automatic;
				CURRENT_PROJECT_VERSION = 1;
				GENERATE_INFOPLIST_FILE = YES;
				INFOPLIST_FILE = GameHUB/Info.plist;
				INFOPLIST_KEY_UIApplicationSupportsIndirectInputEvents = YES;
				INFOPLIST_KEY_UILaunchStoryboardName = LaunchScreen;
				INFOPLIST_KEY_UIMainStoryboardFile = Main;
				INFOPLIST_KEY_UISupportedInterfaceOrientations = UIInterfaceOrientationPortrait;
				INFOPLIST_KEY_UISupportedInterfaceOrientations_iPad = "UIInterfaceOrientationLandscapeLeft UIInterfaceOrientationLandscapeRight UIInterfaceOrientationPortrait UIInterfaceOrientationPortraitUpsideDown";
				LD_RUNPATH_SEARCH_PATHS = (
					"$(inherited)",
					"@executable_path/Frameworks",
				);
				MARKETING_VERSION = 1.0;
				PRODUCT_BUNDLE_IDENTIFIER = s.GameHUB;
				PRODUCT_NAME = "$(TARGET_NAME)";
				SUPPORTED_PLATFORMS = "iphoneos iphonesimulator";
				SUPPORTS_MACCATALYST = NO;
				SUPPORTS_MAC_DESIGNED_FOR_IPHONE_IPAD = NO;
				SUPPORTS_XR_DESIGNED_FOR_IPHONE_IPAD = NO;
				SWIFT_EMIT_LOC_STRINGS = YES;
				SWIFT_VERSION = 5.0;
				TARGETED_DEVICE_FAMILY = 1;
			};
			name = Debug;
		};
		575A0D682C49247C009629FB /* Release */ = {
			isa = XCBuildConfiguration;
			buildSettings = {
				ASSETCATALOG_COMPILER_APPICON_NAME = AppIcon;
				ASSETCATALOG_COMPILER_GLOBAL_ACCENT_COLOR_NAME = AccentColor;
				CODE_SIGN_STYLE = Automatic;
				CURRENT_PROJECT_VERSION = 1;
				GENERATE_INFOPLIST_FILE = YES;
				INFOPLIST_FILE = GameHUB/Info.plist;
				INFOPLIST_KEY_UIApplicationSupportsIndirectInputEvents = YES;
				INFOPLIST_KEY_UILaunchStoryboardName = LaunchScreen;
				INFOPLIST_KEY_UIMainStoryboardFile = Main;
				INFOPLIST_KEY_UISupportedInterfaceOrientations = UIInterfaceOrientationPortrait;
				INFOPLIST_KEY_UISupportedInterfaceOrientations_iPad = "UIInterfaceOrientationLandscapeLeft UIInterfaceOrientationLandscapeRight UIInterfaceOrientationPortrait UIInterfaceOrientationPortraitUpsideDown";
				LD_RUNPATH_SEARCH_PATHS = (
					"$(inherited)",
					"@executable_path/Frameworks",
				);
				MARKETING_VERSION = 1.0;
				PRODUCT_BUNDLE_IDENTIFIER = s.GameHUB;
				PRODUCT_NAME = "$(TARGET_NAME)";
				SUPPORTED_PLATFORMS = "iphoneos iphonesimulator";
				SUPPORTS_MACCATALYST = NO;
				SUPPORTS_MAC_DESIGNED_FOR_IPHONE_IPAD = NO;
				SUPPORTS_XR_DESIGNED_FOR_IPHONE_IPAD = NO;
				SWIFT_EMIT_LOC_STRINGS = YES;
				SWIFT_VERSION = 5.0;
				TARGETED_DEVICE_FAMILY = 1;
			};
			name = Release;
		};
/* End XCBuildConfiguration section */

/* Begin XCConfigurationList section */
		575A0D4D2C49247B009629FB /* Build configuration list for PBXProject "GameHUB" */ = {
			isa = XCConfigurationList;
			buildConfigurations = (
				575A0D642C49247C009629FB /* Debug */,
				575A0D652C49247C009629FB /* Release */,
			);
			defaultConfigurationIsVisible = 0;
			defaultConfigurationName = Release;
		};
		575A0D662C49247C009629FB /* Build configuration list for PBXNativeTarget "GameHUB" */ = {
			isa = XCConfigurationList;
			buildConfigurations = (
				575A0D672C49247C009629FB /* Debug */,
				575A0D682C49247C009629FB /* Release */,
			);
			defaultConfigurationIsVisible = 0;
			defaultConfigurationName = Release;
		};
/* End XCConfigurationList section */
	};
	rootObject = 575A0D4A2C49247B009629FB /* Project object */;
}
